// !$*UTF8*$!
{
	archiveVersion = 1;
	classes = {
	};
	objectVersion = 56;
	objects = {

/* Begin PBXBuildFile section */
		8438CB5B295B24F7006594F8 /* AppDelegate.swift in Sources */ = {isa = PBXBuildFile; fileRef = 8438CB5A295B24F7006594F8 /* AppDelegate.swift */; };
		8438CB5D295B24F7006594F8 /* SceneDelegate.swift in Sources */ = {isa = PBXBuildFile; fileRef = 8438CB5C295B24F7006594F8 /* SceneDelegate.swift */; };
		8438CB5F295B24F7006594F8 /* ViewController.swift in Sources */ = {isa = PBXBuildFile; fileRef = 8438CB5E295B24F7006594F8 /* ViewController.swift */; };
		8438CB62295B24F7006594F8 /* Main.storyboard in Resources */ = {isa = PBXBuildFile; fileRef = 8438CB60295B24F7006594F8 /* Main.storyboard */; };
		8438CB65295B24F7006594F8 /* Manga_reader.xcdatamodeld in Sources */ = {isa = PBXBuildFile; fileRef = 8438CB63295B24F7006594F8 /* Manga_reader.xcdatamodeld */; };
		8438CB67295B24F8006594F8 /* Assets.xcassets in Resources */ = {isa = PBXBuildFile; fileRef = 8438CB66295B24F8006594F8 /* Assets.xcassets */; };
		8438CB6A295B24F8006594F8 /* LaunchScreen.storyboard in Resources */ = {isa = PBXBuildFile; fileRef = 8438CB68295B24F8006594F8 /* LaunchScreen.storyboard */; };
		8438CB75295B24F8006594F8 /* Manga_readerTests.swift in Sources */ = {isa = PBXBuildFile; fileRef = 8438CB74295B24F8006594F8 /* Manga_readerTests.swift */; };
		8438CB7F295B24F8006594F8 /* Manga_readerUITests.swift in Sources */ = {isa = PBXBuildFile; fileRef = 8438CB7E295B24F8006594F8 /* Manga_readerUITests.swift */; };
		8438CB81295B24F8006594F8 /* Manga_readerUITestsLaunchTests.swift in Sources */ = {isa = PBXBuildFile; fileRef = 8438CB80295B24F8006594F8 /* Manga_readerUITestsLaunchTests.swift */; };
/* End PBXBuildFile section */

/* Begin PBXContainerItemProxy section */
		8438CB71295B24F8006594F8 /* PBXContainerItemProxy */ = {
			isa = PBXContainerItemProxy;
			containerPortal = 8438CB4F295B24F7006594F8 /* Project object */;
			proxyType = 1;
			remoteGlobalIDString = 8438CB56295B24F7006594F8;
			remoteInfo = "Manga-reader";
		};
		8438CB7B295B24F8006594F8 /* PBXContainerItemProxy */ = {
			isa = PBXContainerItemProxy;
			containerPortal = 8438CB4F295B24F7006594F8 /* Project object */;
			proxyType = 1;
			remoteGlobalIDString = 8438CB56295B24F7006594F8;
			remoteInfo = "Manga-reader";
		};
/* End PBXContainerItemProxy section */

/* Begin PBXFileReference section */
		8438CB57295B24F7006594F8 /* Manga-reader.app */ = {isa = PBXFileReference; explicitFileType = wrapper.application; includeInIndex = 0; path = "Manga-reader.app"; sourceTree = BUILT_PRODUCTS_DIR; };
		8438CB5A295B24F7006594F8 /* AppDelegate.swift */ = {isa = PBXFileReference; lastKnownFileType = sourcecode.swift; path = AppDelegate.swift; sourceTree = "<group>"; };
		8438CB5C295B24F7006594F8 /* SceneDelegate.swift */ = {isa = PBXFileReference; lastKnownFileType = sourcecode.swift; path = SceneDelegate.swift; sourceTree = "<group>"; };
		8438CB5E295B24F7006594F8 /* ViewController.swift */ = {isa = PBXFileReference; lastKnownFileType = sourcecode.swift; path = ViewController.swift; sourceTree = "<group>"; };
		8438CB61295B24F7006594F8 /* Base */ = {isa = PBXFileReference; lastKnownFileType = file.storyboard; name = Base; path = Base.lproj/Main.storyboard; sourceTree = "<group>"; };
		8438CB64295B24F7006594F8 /* Manga_reader.xcdatamodel */ = {isa = PBXFileReference; lastKnownFileType = wrapper.xcdatamodel; path = Manga_reader.xcdatamodel; sourceTree = "<group>"; };
		8438CB66295B24F8006594F8 /* Assets.xcassets */ = {isa = PBXFileReference; lastKnownFileType = folder.assetcatalog; path = Assets.xcassets; sourceTree = "<group>"; };
		8438CB69295B24F8006594F8 /* Base */ = {isa = PBXFileReference; lastKnownFileType = file.storyboard; name = Base; path = Base.lproj/LaunchScreen.storyboard; sourceTree = "<group>"; };
		8438CB6B295B24F8006594F8 /* Info.plist */ = {isa = PBXFileReference; lastKnownFileType = text.plist.xml; path = Info.plist; sourceTree = "<group>"; };
		8438CB70295B24F8006594F8 /* Manga-readerTests.xctest */ = {isa = PBXFileReference; explicitFileType = wrapper.cfbundle; includeInIndex = 0; path = "Manga-readerTests.xctest"; sourceTree = BUILT_PRODUCTS_DIR; };
		8438CB74295B24F8006594F8 /* Manga_readerTests.swift */ = {isa = PBXFileReference; lastKnownFileType = sourcecode.swift; path = Manga_readerTests.swift; sourceTree = "<group>"; };
		8438CB7A295B24F8006594F8 /* Manga-readerUITests.xctest */ = {isa = PBXFileReference; explicitFileType = wrapper.cfbundle; includeInIndex = 0; path = "Manga-readerUITests.xctest"; sourceTree = BUILT_PRODUCTS_DIR; };
		8438CB7E295B24F8006594F8 /* Manga_readerUITests.swift */ = {isa = PBXFileReference; lastKnownFileType = sourcecode.swift; path = Manga_readerUITests.swift; sourceTree = "<group>"; };
		8438CB80295B24F8006594F8 /* Manga_readerUITestsLaunchTests.swift */ = {isa = PBXFileReference; lastKnownFileType = sourcecode.swift; path = Manga_readerUITestsLaunchTests.swift; sourceTree = "<group>"; };
/* End PBXFileReference section */

/* Begin PBXFrameworksBuildPhase section */
		8438CB54295B24F7006594F8 /* Frameworks */ = {
			isa = PBXFrameworksBuildPhase;
			buildActionMask = 2147483647;
			files = (
			);
			runOnlyForDeploymentPostprocessing = 0;
		};
		8438CB6D295B24F8006594F8 /* Frameworks */ = {
			isa = PBXFrameworksBuildPhase;
			buildActionMask = 2147483647;
			files = (
			);
			runOnlyForDeploymentPostprocessing = 0;
		};
		8438CB77295B24F8006594F8 /* Frameworks */ = {
			isa = PBXFrameworksBuildPhase;
			buildActionMask = 2147483647;
			files = (
			);
			runOnlyForDeploymentPostprocessing = 0;
		};
/* End PBXFrameworksBuildPhase section */

/* Begin PBXGroup section */
		8438CB4E295B24F7006594F8 = {
			isa = PBXGroup;
			children = (
				8438CB59295B24F7006594F8 /* Manga-reader */,
				8438CB73295B24F8006594F8 /* Manga-readerTests */,
				8438CB7D295B24F8006594F8 /* Manga-readerUITests */,
				8438CB58295B24F7006594F8 /* Products */,
			);
			sourceTree = "<group>";
		};
		8438CB58295B24F7006594F8 /* Products */ = {
			isa = PBXGroup;
			children = (
				8438CB57295B24F7006594F8 /* Manga-reader.app */,
				8438CB70295B24F8006594F8 /* Manga-readerTests.xctest */,
				8438CB7A295B24F8006594F8 /* Manga-readerUITests.xctest */,
			);
			name = Products;
			sourceTree = "<group>";
		};
		8438CB59295B24F7006594F8 /* Manga-reader */ = {
			isa = PBXGroup;
			children = (
				8438CB5A295B24F7006594F8 /* AppDelegate.swift */,
				8438CB5C295B24F7006594F8 /* SceneDelegate.swift */,
				8438CB5E295B24F7006594F8 /* ViewController.swift */,
				8438CB60295B24F7006594F8 /* Main.storyboard */,
				8438CB66295B24F8006594F8 /* Assets.xcassets */,
				8438CB68295B24F8006594F8 /* LaunchScreen.storyboard */,
				8438CB6B295B24F8006594F8 /* Info.plist */,
				8438CB63295B24F7006594F8 /* Manga_reader.xcdatamodeld */,
			);
			path = "Manga-reader";
			sourceTree = "<group>";
		};
		8438CB73295B24F8006594F8 /* Manga-readerTests */ = {
			isa = PBXGroup;
			children = (
				8438CB74295B24F8006594F8 /* Manga_readerTests.swift */,
			);
			path = "Manga-readerTests";
			sourceTree = "<group>";
		};
		8438CB7D295B24F8006594F8 /* Manga-readerUITests */ = {
			isa = PBXGroup;
			children = (
				8438CB7E295B24F8006594F8 /* Manga_readerUITests.swift */,
				8438CB80295B24F8006594F8 /* Manga_readerUITestsLaunchTests.swift */,
			);
			path = "Manga-readerUITests";
			sourceTree = "<group>";
		};
/* End PBXGroup section */

/* Begin PBXNativeTarget section */
		8438CB56295B24F7006594F8 /* Manga-reader */ = {
			isa = PBXNativeTarget;
			buildConfigurationList = 8438CB84295B24F8006594F8 /* Build configuration list for PBXNativeTarget "Manga-reader" */;
			buildPhases = (
				8438CB53295B24F7006594F8 /* Sources */,
				8438CB54295B24F7006594F8 /* Frameworks */,
				8438CB55295B24F7006594F8 /* Resources */,
			);
			buildRules = (
			);
			dependencies = (
			);
			name = "Manga-reader";
			productName = "Manga-reader";
			productReference = 8438CB57295B24F7006594F8 /* Manga-reader.app */;
			productType = "com.apple.product-type.application";
		};
		8438CB6F295B24F8006594F8 /* Manga-readerTests */ = {
			isa = PBXNativeTarget;
			buildConfigurationList = 8438CB87295B24F8006594F8 /* Build configuration list for PBXNativeTarget "Manga-readerTests" */;
			buildPhases = (
				8438CB6C295B24F8006594F8 /* Sources */,
				8438CB6D295B24F8006594F8 /* Frameworks */,
				8438CB6E295B24F8006594F8 /* Resources */,
			);
			buildRules = (
			);
			dependencies = (
				8438CB72295B24F8006594F8 /* PBXTargetDependency */,
			);
			name = "Manga-readerTests";
			productName = "Manga-readerTests";
			productReference = 8438CB70295B24F8006594F8 /* Manga-readerTests.xctest */;
			productType = "com.apple.product-type.bundle.unit-test";
		};
		8438CB79295B24F8006594F8 /* Manga-readerUITests */ = {
			isa = PBXNativeTarget;
			buildConfigurationList = 8438CB8A295B24F8006594F8 /* Build configuration list for PBXNativeTarget "Manga-readerUITests" */;
			buildPhases = (
				8438CB76295B24F8006594F8 /* Sources */,
				8438CB77295B24F8006594F8 /* Frameworks */,
				8438CB78295B24F8006594F8 /* Resources */,
			);
			buildRules = (
			);
			dependencies = (
				8438CB7C295B24F8006594F8 /* PBXTargetDependency */,
			);
			name = "Manga-readerUITests";
			productName = "Manga-readerUITests";
			productReference = 8438CB7A295B24F8006594F8 /* Manga-readerUITests.xctest */;
			productType = "com.apple.product-type.bundle.ui-testing";
		};
/* End PBXNativeTarget section */

/* Begin PBXProject section */
		8438CB4F295B24F7006594F8 /* Project object */ = {
			isa = PBXProject;
			attributes = {
				BuildIndependentTargetsInParallel = 1;
				LastSwiftUpdateCheck = 1410;
				LastUpgradeCheck = 1410;
				TargetAttributes = {
					8438CB56295B24F7006594F8 = {
						CreatedOnToolsVersion = 14.1;
					};
					8438CB6F295B24F8006594F8 = {
						CreatedOnToolsVersion = 14.1;
						TestTargetID = 8438CB56295B24F7006594F8;
					};
					8438CB79295B24F8006594F8 = {
						CreatedOnToolsVersion = 14.1;
						TestTargetID = 8438CB56295B24F7006594F8;
					};
				};
			};
			buildConfigurationList = 8438CB52295B24F7006594F8 /* Build configuration list for PBXProject "Manga-reader" */;
			compatibilityVersion = "Xcode 14.0";
			developmentRegion = en;
			hasScannedForEncodings = 0;
			knownRegions = (
				en,
				Base,
			);
			mainGroup = 8438CB4E295B24F7006594F8;
			productRefGroup = 8438CB58295B24F7006594F8 /* Products */;
			projectDirPath = "";
			projectRoot = "";
			targets = (
				8438CB56295B24F7006594F8 /* Manga-reader */,
				8438CB6F295B24F8006594F8 /* Manga-readerTests */,
				8438CB79295B24F8006594F8 /* Manga-readerUITests */,
			);
		};
/* End PBXProject section */

/* Begin PBXResourcesBuildPhase section */
		8438CB55295B24F7006594F8 /* Resources */ = {
			isa = PBXResourcesBuildPhase;
			buildActionMask = 2147483647;
			files = (
				8438CB6A295B24F8006594F8 /* LaunchScreen.storyboard in Resources */,
				8438CB67295B24F8006594F8 /* Assets.xcassets in Resources */,
				8438CB62295B24F7006594F8 /* Main.storyboard in Resources */,
			);
			runOnlyForDeploymentPostprocessing = 0;
		};
		8438CB6E295B24F8006594F8 /* Resources */ = {
			isa = PBXResourcesBuildPhase;
			buildActionMask = 2147483647;
			files = (
			);
			runOnlyForDeploymentPostprocessing = 0;
		};
		8438CB78295B24F8006594F8 /* Resources */ = {
			isa = PBXResourcesBuildPhase;
			buildActionMask = 2147483647;
			files = (
			);
			runOnlyForDeploymentPostprocessing = 0;
		};
/* End PBXResourcesBuildPhase section */

/* Begin PBXSourcesBuildPhase section */
		8438CB53295B24F7006594F8 /* Sources */ = {
			isa = PBXSourcesBuildPhase;
			buildActionMask = 2147483647;
			files = (
				8438CB5F295B24F7006594F8 /* ViewController.swift in Sources */,
				8438CB5B295B24F7006594F8 /* AppDelegate.swift in Sources */,
				8438CB5D295B24F7006594F8 /* SceneDelegate.swift in Sources */,
				8438CB65295B24F7006594F8 /* Manga_reader.xcdatamodeld in Sources */,
			);
			runOnlyForDeploymentPostprocessing = 0;
		};
		8438CB6C295B24F8006594F8 /* Sources */ = {
			isa = PBXSourcesBuildPhase;
			buildActionMask = 2147483647;
			files = (
				8438CB75295B24F8006594F8 /* Manga_readerTests.swift in Sources */,
			);
			runOnlyForDeploymentPostprocessing = 0;
		};
		8438CB76295B24F8006594F8 /* Sources */ = {
			isa = PBXSourcesBuildPhase;
			buildActionMask = 2147483647;
			files = (
				8438CB81295B24F8006594F8 /* Manga_readerUITestsLaunchTests.swift in Sources */,
				8438CB7F295B24F8006594F8 /* Manga_readerUITests.swift in Sources */,
			);
			runOnlyForDeploymentPostprocessing = 0;
		};
/* End PBXSourcesBuildPhase section */

/* Begin PBXTargetDependency section */
		8438CB72295B24F8006594F8 /* PBXTargetDependency */ = {
			isa = PBXTargetDependency;
			target = 8438CB56295B24F7006594F8 /* Manga-reader */;
			targetProxy = 8438CB71295B24F8006594F8 /* PBXContainerItemProxy */;
		};
		8438CB7C295B24F8006594F8 /* PBXTargetDependency */ = {
			isa = PBXTargetDependency;
			target = 8438CB56295B24F7006594F8 /* Manga-reader */;
			targetProxy = 8438CB7B295B24F8006594F8 /* PBXContainerItemProxy */;
		};
/* End PBXTargetDependency section */

/* Begin PBXVariantGroup section */
		8438CB60295B24F7006594F8 /* Main.storyboard */ = {
			isa = PBXVariantGroup;
			children = (
				8438CB61295B24F7006594F8 /* Base */,
			);
			name = Main.storyboard;
			sourceTree = "<group>";
		};
		8438CB68295B24F8006594F8 /* LaunchScreen.storyboard */ = {
			isa = PBXVariantGroup;
			children = (
				8438CB69295B24F8006594F8 /* Base */,
			);
			name = LaunchScreen.storyboard;
			sourceTree = "<group>";
		};
/* End PBXVariantGroup section */

/* Begin XCBuildConfiguration section */
		8438CB82295B24F8006594F8 /* Debug */ = {
			isa = XCBuildConfiguration;
			buildSettings = {
				ALWAYS_SEARCH_USER_PATHS = NO;
				CLANG_ANALYZER_NONNULL = YES;
				CLANG_ANALYZER_NUMBER_OBJECT_CONVERSION = YES_AGGRESSIVE;
				CLANG_CXX_LANGUAGE_STANDARD = "gnu++20";
				CLANG_ENABLE_MODULES = YES;
				CLANG_ENABLE_OBJC_ARC = YES;
				CLANG_ENABLE_OBJC_WEAK = YES;
				CLANG_WARN_BLOCK_CAPTURE_AUTORELEASING = YES;
				CLANG_WARN_BOOL_CONVERSION = YES;
				CLANG_WARN_COMMA = YES;
				CLANG_WARN_CONSTANT_CONVERSION = YES;
				CLANG_WARN_DEPRECATED_OBJC_IMPLEMENTATIONS = YES;
				CLANG_WARN_DIRECT_OBJC_ISA_USAGE = YES_ERROR;
				CLANG_WARN_DOCUMENTATION_COMMENTS = YES;
				CLANG_WARN_EMPTY_BODY = YES;
				CLANG_WARN_ENUM_CONVERSION = YES;
				CLANG_WARN_INFINITE_RECURSION = YES;
				CLANG_WARN_INT_CONVERSION = YES;
				CLANG_WARN_NON_LITERAL_NULL_CONVERSION = YES;
				CLANG_WARN_OBJC_IMPLICIT_RETAIN_SELF = YES;
				CLANG_WARN_OBJC_LITERAL_CONVERSION = YES;
				CLANG_WARN_OBJC_ROOT_CLASS = YES_ERROR;
				CLANG_WARN_QUOTED_INCLUDE_IN_FRAMEWORK_HEADER = YES;
				CLANG_WARN_RANGE_LOOP_ANALYSIS = YES;
				CLANG_WARN_STRICT_PROTOTYPES = YES;
				CLANG_WARN_SUSPICIOUS_MOVE = YES;
				CLANG_WARN_UNGUARDED_AVAILABILITY = YES_AGGRESSIVE;
				CLANG_WARN_UNREACHABLE_CODE = YES;
				CLANG_WARN__DUPLICATE_METHOD_MATCH = YES;
				COPY_PHASE_STRIP = NO;
				DEBUG_INFORMATION_FORMAT = dwarf;
				ENABLE_STRICT_OBJC_MSGSEND = YES;
				ENABLE_TESTABILITY = YES;
				GCC_C_LANGUAGE_STANDARD = gnu11;
				GCC_DYNAMIC_NO_PIC = NO;
				GCC_NO_COMMON_BLOCKS = YES;
				GCC_OPTIMIZATION_LEVEL = 0;
				GCC_PREPROCESSOR_DEFINITIONS = (
					"DEBUG=1",
					"$(inherited)",
				);
				GCC_WARN_64_TO_32_BIT_CONVERSION = YES;
				GCC_WARN_ABOUT_RETURN_TYPE = YES_ERROR;
				GCC_WARN_UNDECLARED_SELECTOR = YES;
				GCC_WARN_UNINITIALIZED_AUTOS = YES_AGGRESSIVE;
				GCC_WARN_UNUSED_FUNCTION = YES;
				GCC_WARN_UNUSED_VARIABLE = YES;
				IPHONEOS_DEPLOYMENT_TARGET = 16.1;
				MTL_ENABLE_DEBUG_INFO = INCLUDE_SOURCE;
				MTL_FAST_MATH = YES;
				ONLY_ACTIVE_ARCH = YES;
				SDKROOT = iphoneos;
				SWIFT_ACTIVE_COMPILATION_CONDITIONS = DEBUG;
				SWIFT_OPTIMIZATION_LEVEL = "-Onone";
			};
			name = Debug;
		};
		8438CB83295B24F8006594F8 /* Release */ = {
			isa = XCBuildConfiguration;
			buildSettings = {
				ALWAYS_SEARCH_USER_PATHS = NO;
				CLANG_ANALYZER_NONNULL = YES;
				CLANG_ANALYZER_NUMBER_OBJECT_CONVERSION = YES_AGGRESSIVE;
				CLANG_CXX_LANGUAGE_STANDARD = "gnu++20";
				CLANG_ENABLE_MODULES = YES;
				CLANG_ENABLE_OBJC_ARC = YES;
				CLANG_ENABLE_OBJC_WEAK = YES;
				CLANG_WARN_BLOCK_CAPTURE_AUTORELEASING = YES;
				CLANG_WARN_BOOL_CONVERSION = YES;
				CLANG_WARN_COMMA = YES;
				CLANG_WARN_CONSTANT_CONVERSION = YES;
				CLANG_WARN_DEPRECATED_OBJC_IMPLEMENTATIONS = YES;
				CLANG_WARN_DIRECT_OBJC_ISA_USAGE = YES_ERROR;
				CLANG_WARN_DOCUMENTATION_COMMENTS = YES;
				CLANG_WARN_EMPTY_BODY = YES;
				CLANG_WARN_ENUM_CONVERSION = YES;
				CLANG_WARN_INFINITE_RECURSION = YES;
				CLANG_WARN_INT_CONVERSION = YES;
				CLANG_WARN_NON_LITERAL_NULL_CONVERSION = YES;
				CLANG_WARN_OBJC_IMPLICIT_RETAIN_SELF = YES;
				CLANG_WARN_OBJC_LITERAL_CONVERSION = YES;
				CLANG_WARN_OBJC_ROOT_CLASS = YES_ERROR;
				CLANG_WARN_QUOTED_INCLUDE_IN_FRAMEWORK_HEADER = YES;
				CLANG_WARN_RANGE_LOOP_ANALYSIS = YES;
				CLANG_WARN_STRICT_PROTOTYPES = YES;
				CLANG_WARN_SUSPICIOUS_MOVE = YES;
				CLANG_WARN_UNGUARDED_AVAILABILITY = YES_AGGRESSIVE;
				CLANG_WARN_UNREACHABLE_CODE = YES;
				CLANG_WARN__DUPLICATE_METHOD_MATCH = YES;
				COPY_PHASE_STRIP = NO;
				DEBUG_INFORMATION_FORMAT = "dwarf-with-dsym";
				ENABLE_NS_ASSERTIONS = NO;
				ENABLE_STRICT_OBJC_MSGSEND = YES;
				GCC_C_LANGUAGE_STANDARD = gnu11;
				GCC_NO_COMMON_BLOCKS = YES;
				GCC_WARN_64_TO_32_BIT_CONVERSION = YES;
				GCC_WARN_ABOUT_RETURN_TYPE = YES_ERROR;
				GCC_WARN_UNDECLARED_SELECTOR = YES;
				GCC_WARN_UNINITIALIZED_AUTOS = YES_AGGRESSIVE;
				GCC_WARN_UNUSED_FUNCTION = YES;
				GCC_WARN_UNUSED_VARIABLE = YES;
				IPHONEOS_DEPLOYMENT_TARGET = 16.1;
				MTL_ENABLE_DEBUG_INFO = NO;
				MTL_FAST_MATH = YES;
				SDKROOT = iphoneos;
				SWIFT_COMPILATION_MODE = wholemodule;
				SWIFT_OPTIMIZATION_LEVEL = "-O";
				VALIDATE_PRODUCT = YES;
			};
			name = Release;
		};
		8438CB85295B24F8006594F8 /* Debug */ = {
			isa = XCBuildConfiguration;
			buildSettings = {
				ASSETCATALOG_COMPILER_APPICON_NAME = AppIcon;
				ASSETCATALOG_COMPILER_GLOBAL_ACCENT_COLOR_NAME = AccentColor;
				CODE_SIGN_STYLE = Automatic;
				CURRENT_PROJECT_VERSION = 1;
				GENERATE_INFOPLIST_FILE = YES;
				INFOPLIST_FILE = "Manga-reader/Info.plist";
				INFOPLIST_KEY_UIApplicationSupportsIndirectInputEvents = YES;
				INFOPLIST_KEY_UILaunchStoryboardName = LaunchScreen;
				INFOPLIST_KEY_UIMainStoryboardFile = Main;
				INFOPLIST_KEY_UISupportedInterfaceOrientations_iPad = "UIInterfaceOrientationPortrait UIInterfaceOrientationPortraitUpsideDown UIInterfaceOrientationLandscapeLeft UIInterfaceOrientationLandscapeRight";
				INFOPLIST_KEY_UISupportedInterfaceOrientations_iPhone = "UIInterfaceOrientationPortrait UIInterfaceOrientationLandscapeLeft UIInterfaceOrientationLandscapeRight";
				LD_RUNPATH_SEARCH_PATHS = (
					"$(inherited)",
					"@executable_path/Frameworks",
				);
				MARKETING_VERSION = 1.0;
				PRODUCT_BUNDLE_IDENTIFIER = "com.github.com.sarath11kb.manga-reader.Manga-reader";
				PRODUCT_NAME = "$(TARGET_NAME)";
				SWIFT_EMIT_LOC_STRINGS = YES;
				SWIFT_VERSION = 5.0;
				TARGETED_DEVICE_FAMILY = "1,2";
			};
			name = Debug;
		};
		8438CB86295B24F8006594F8 /* Release */ = {
			isa = XCBuildConfiguration;
			buildSettings = {
				ASSETCATALOG_COMPILER_APPICON_NAME = AppIcon;
				ASSETCATALOG_COMPILER_GLOBAL_ACCENT_COLOR_NAME = AccentColor;
				CODE_SIGN_STYLE = Automatic;
				CURRENT_PROJECT_VERSION = 1;
				GENERATE_INFOPLIST_FILE = YES;
				INFOPLIST_FILE = "Manga-reader/Info.plist";
				INFOPLIST_KEY_UIApplicationSupportsIndirectInputEvents = YES;
				INFOPLIST_KEY_UILaunchStoryboardName = LaunchScreen;
				INFOPLIST_KEY_UIMainStoryboardFile = Main;
				INFOPLIST_KEY_UISupportedInterfaceOrientations_iPad = "UIInterfaceOrientationPortrait UIInterfaceOrientationPortraitUpsideDown UIInterfaceOrientationLandscapeLeft UIInterfaceOrientationLandscapeRight";
				INFOPLIST_KEY_UISupportedInterfaceOrientations_iPhone = "UIInterfaceOrientationPortrait UIInterfaceOrientationLandscapeLeft UIInterfaceOrientationLandscapeRight";
				LD_RUNPATH_SEARCH_PATHS = (
					"$(inherited)",
					"@executable_path/Frameworks",
				);
				MARKETING_VERSION = 1.0;
				PRODUCT_BUNDLE_IDENTIFIER = "com.github.com.sarath11kb.manga-reader.Manga-reader";
				PRODUCT_NAME = "$(TARGET_NAME)";
				SWIFT_EMIT_LOC_STRINGS = YES;
				SWIFT_VERSION = 5.0;
				TARGETED_DEVICE_FAMILY = "1,2";
			};
			name = Release;
		};
		8438CB88295B24F8006594F8 /* Debug */ = {
			isa = XCBuildConfiguration;
			buildSettings = {
				ALWAYS_EMBED_SWIFT_STANDARD_LIBRARIES = YES;
				BUNDLE_LOADER = "$(TEST_HOST)";
				CODE_SIGN_STYLE = Automatic;
				CURRENT_PROJECT_VERSION = 1;
				GENERATE_INFOPLIST_FILE = YES;
				IPHONEOS_DEPLOYMENT_TARGET = 16.1;
				MARKETING_VERSION = 1.0;
				PRODUCT_BUNDLE_IDENTIFIER = "com.github.com.sarath11kb.manga-reader.Manga-readerTests";
				PRODUCT_NAME = "$(TARGET_NAME)";
				SWIFT_EMIT_LOC_STRINGS = NO;
				SWIFT_VERSION = 5.0;
				TARGETED_DEVICE_FAMILY = "1,2";
				TEST_HOST = "$(BUILT_PRODUCTS_DIR)/Manga-reader.app/$(BUNDLE_EXECUTABLE_FOLDER_PATH)/Manga-reader";
			};
			name = Debug;
		};
		8438CB89295B24F8006594F8 /* Release */ = {
			isa = XCBuildConfiguration;
			buildSettings = {
				ALWAYS_EMBED_SWIFT_STANDARD_LIBRARIES = YES;
				BUNDLE_LOADER = "$(TEST_HOST)";
				CODE_SIGN_STYLE = Automatic;
				CURRENT_PROJECT_VERSION = 1;
				GENERATE_INFOPLIST_FILE = YES;
				IPHONEOS_DEPLOYMENT_TARGET = 16.1;
				MARKETING_VERSION = 1.0;
				PRODUCT_BUNDLE_IDENTIFIER = "com.github.com.sarath11kb.manga-reader.Manga-readerTests";
				PRODUCT_NAME = "$(TARGET_NAME)";
				SWIFT_EMIT_LOC_STRINGS = NO;
				SWIFT_VERSION = 5.0;
				TARGETED_DEVICE_FAMILY = "1,2";
				TEST_HOST = "$(BUILT_PRODUCTS_DIR)/Manga-reader.app/$(BUNDLE_EXECUTABLE_FOLDER_PATH)/Manga-reader";
			};
			name = Release;
		};
		8438CB8B295B24F8006594F8 /* Debug */ = {
			isa = XCBuildConfiguration;
			buildSettings = {
				ALWAYS_EMBED_SWIFT_STANDARD_LIBRARIES = YES;
				CODE_SIGN_STYLE = Automatic;
				CURRENT_PROJECT_VERSION = 1;
				GENERATE_INFOPLIST_FILE = YES;
				MARKETING_VERSION = 1.0;
				PRODUCT_BUNDLE_IDENTIFIER = "com.github.com.sarath11kb.manga-reader.Manga-readerUITests";
				PRODUCT_NAME = "$(TARGET_NAME)";
				SWIFT_EMIT_LOC_STRINGS = NO;
				SWIFT_VERSION = 5.0;
				TARGETED_DEVICE_FAMILY = "1,2";
				TEST_TARGET_NAME = "Manga-reader";
			};
			name = Debug;
		};
		8438CB8C295B24F8006594F8 /* Release */ = {
			isa = XCBuildConfiguration;
			buildSettings = {
				ALWAYS_EMBED_SWIFT_STANDARD_LIBRARIES = YES;
				CODE_SIGN_STYLE = Automatic;
				CURRENT_PROJECT_VERSION = 1;
				GENERATE_INFOPLIST_FILE = YES;
				MARKETING_VERSION = 1.0;
				PRODUCT_BUNDLE_IDENTIFIER = "com.github.com.sarath11kb.manga-reader.Manga-readerUITests";
				PRODUCT_NAME = "$(TARGET_NAME)";
				SWIFT_EMIT_LOC_STRINGS = NO;
				SWIFT_VERSION = 5.0;
				TARGETED_DEVICE_FAMILY = "1,2";
				TEST_TARGET_NAME = "Manga-reader";
			};
			name = Release;
		};
/* End XCBuildConfiguration section */

/* Begin XCConfigurationList section */
		8438CB52295B24F7006594F8 /* Build configuration list for PBXProject "Manga-reader" */ = {
			isa = XCConfigurationList;
			buildConfigurations = (
				8438CB82295B24F8006594F8 /* Debug */,
				8438CB83295B24F8006594F8 /* Release */,
			);
			defaultConfigurationIsVisible = 0;
			defaultConfigurationName = Release;
		};
		8438CB84295B24F8006594F8 /* Build configuration list for PBXNativeTarget "Manga-reader" */ = {
			isa = XCConfigurationList;
			buildConfigurations = (
				8438CB85295B24F8006594F8 /* Debug */,
				8438CB86295B24F8006594F8 /* Release */,
			);
			defaultConfigurationIsVisible = 0;
			defaultConfigurationName = Release;
		};
		8438CB87295B24F8006594F8 /* Build configuration list for PBXNativeTarget "Manga-readerTests" */ = {
			isa = XCConfigurationList;
			buildConfigurations = (
				8438CB88295B24F8006594F8 /* Debug */,
				8438CB89295B24F8006594F8 /* Release */,
			);
			defaultConfigurationIsVisible = 0;
			defaultConfigurationName = Release;
		};
		8438CB8A295B24F8006594F8 /* Build configuration list for PBXNativeTarget "Manga-readerUITests" */ = {
			isa = XCConfigurationList;
			buildConfigurations = (
				8438CB8B295B24F8006594F8 /* Debug */,
				8438CB8C295B24F8006594F8 /* Release */,
			);
			defaultConfigurationIsVisible = 0;
			defaultConfigurationName = Release;
		};
/* End XCConfigurationList section */

/* Begin XCVersionGroup section */
		8438CB63295B24F7006594F8 /* Manga_reader.xcdatamodeld */ = {
			isa = XCVersionGroup;
			children = (
				8438CB64295B24F7006594F8 /* Manga_reader.xcdatamodel */,
			);
			currentVersion = 8438CB64295B24F7006594F8 /* Manga_reader.xcdatamodel */;
			path = Manga_reader.xcdatamodeld;
			sourceTree = "<group>";
			versionGroupType = wrapper.xcdatamodel;
		};
/* End XCVersionGroup section */
	};
	rootObject = 8438CB4F295B24F7006594F8 /* Project object */;
}
